{
  "originHash" : "2dcbe1b45d60e22749466f3db2a620972f65a86bc34d8f87c792f989d8e2c4bd",
  "pins" : [
    {
      "identity" : "circleprogressbar",
      "kind" : "remoteSourceControl",
      "location" : "https://github.com/temamarvel/CircleProgressBar.git",
      "state" : {
        "branch" : "main",
        "revision" : "0f7b7cdc2b177894f186e7edea08e59dcbf5a1f8"
      }
    }
  ],
  "version" : 3
}
