{
  "originHash" : "1bcbb03626634430b4dd263d42fe950e85f10f3d0b31d1a48b5b081490ab5f7b",
  "pins" : [
    {
      "identity" : "circleprogressbar",
      "kind" : "remoteSourceControl",
      "location" : "https://github.com/temamarvel/CircleProgressBar.git",
      "state" : {
        "branch" : "main",
        "revision" : "46dcbc282246ffc148895be0e143b028c88b74a6"
      }
    },
    {
      "identity" : "healthkitdataservice",
      "kind" : "remoteSourceControl",
      "location" : "https://github.com/temamarvel/HealthKitDataService.git",
      "state" : {
        "branch" : "main",
        "revision" : "ff1d46d96ca8cbe5da2c0d516f9c9664bc463cc1"
      }
    }
  ],
  "version" : 3
}
