{
  "originHash" : "1bcbb03626634430b4dd263d42fe950e85f10f3d0b31d1a48b5b081490ab5f7b",
  "pins" : [
    {
      "identity" : "circleprogressbar",
      "kind" : "remoteSourceControl",
      "location" : "https://github.com/temamarvel/CircleProgressBar.git",
      "state" : {
        "branch" : "main",
        "revision" : "a1a072157a2daad39de981f8f7322590bb952d80"
      }
    },
    {
      "identity" : "healthkitdataservice",
      "kind" : "remoteSourceControl",
      "location" : "https://github.com/temamarvel/HealthKitDataService.git",
      "state" : {
        "branch" : "main",
        "revision" : "92df87771ff5be11329e3337469bf6a6c9dd99b7"
      }
    },
    {
      "identity" : "swift-algorithms",
      "kind" : "remoteSourceControl",
      "location" : "https://github.com/apple/swift-algorithms",
      "state" : {
        "revision" : "87e50f483c54e6efd60e885f7f5aa946cee68023",
        "version" : "1.2.1"
      }
    },
    {
      "identity" : "swift-numerics",
      "kind" : "remoteSourceControl",
      "location" : "https://github.com/apple/swift-numerics.git",
      "state" : {
        "revision" : "0c0290ff6b24942dadb83a929ffaaa1481df04a2",
        "version" : "1.1.1"
      }
    }
  ],
  "version" : 3
}
